
Microsoft Visual Studio Solution File, Format Version 12.00
# Visual Studio 2012
Project("{f2a71f9b-5d33-465a-a702-920d77279786}") = "EurostatLib", "EurostatLib\EurostatLib.fsproj", "{9D1F893C-41AB-4198-AEA3-66E1B8866388}"
EndProject
Project("{f2a71f9b-5d33-465a-a702-920d77279786}") = "Samples", "Samples\Samples.fsproj", "{A8E26F7D-A798-42C1-B8CF-A8597DDC2EDE}"
EndProject
Global
	GlobalSection(SolutionConfigurationPlatforms) = preSolution
		Debug|Any CPU = Debug|Any CPU
		Release|Any CPU = Release|Any CPU
	EndGlobalSection
	GlobalSection(ProjectConfigurationPlatforms) = postSolution
		{9D1F893C-41AB-4198-AEA3-66E1B8866388}.Debug|Any CPU.ActiveCfg = Debug|Any CPU
		{9D1F893C-41AB-4198-AEA3-66E1B8866388}.Debug|Any CPU.Build.0 = Debug|Any CPU
		{9D1F893C-41AB-4198-AEA3-66E1B8866388}.Release|Any CPU.ActiveCfg = Release|Any CPU
		{9D1F893C-41AB-4198-AEA3-66E1B8866388}.Release|Any CPU.Build.0 = Release|Any CPU
		{A8E26F7D-A798-42C1-B8CF-A8597DDC2EDE}.Debug|Any CPU.ActiveCfg = Debug|Any CPU
		{A8E26F7D-A798-42C1-B8CF-A8597DDC2EDE}.Debug|Any CPU.Build.0 = Debug|Any CPU
		{A8E26F7D-A798-42C1-B8CF-A8597DDC2EDE}.Release|Any CPU.ActiveCfg = Release|Any CPU
		{A8E26F7D-A798-42C1-B8CF-A8597DDC2EDE}.Release|Any CPU.Build.0 = Release|Any CPU
	EndGlobalSection
	GlobalSection(MonoDevelopProperties) = preSolution
		StartupItem = EurostatLib\EurostatLib.fsproj
	EndGlobalSection
EndGlobal
